
Microsoft Visual Studio Solution File, Format Version 12.00
# Visual Studio Version 17
VisualStudioVersion = 17.5.33516.290
MinimumVisualStudioVersion = 10.0.40219.1
Project("{FAE04EC0-301F-11D3-BF4B-00C04F79EFBC}") = "Talks", "Talks\Talks.csproj", "{22E460C1-0BC3-4D1C-A692-2FC6B60BC3DE}"
EndProject
Project("{FAE04EC0-301F-11D3-BF4B-00C04F79EFBC}") = "Talks.Tests.Unit", "Talks.Tests.Unit\Talks.Tests.Unit.csproj", "{1FE8DDEE-61C3-4F85-A7BD-12D0F9127C72}"
EndProject
Global
	GlobalSection(SolutionConfigurationPlatforms) = preSolution
		Debug|Any CPU = Debug|Any CPU
		Release|Any CPU = Release|Any CPU
	EndGlobalSection
	GlobalSection(ProjectConfigurationPlatforms) = postSolution
		{22E460C1-0BC3-4D1C-A692-2FC6B60BC3DE}.Debug|Any CPU.ActiveCfg = Debug|Any CPU
		{22E460C1-0BC3-4D1C-A692-2FC6B60BC3DE}.Debug|Any CPU.Build.0 = Debug|Any CPU
		{22E460C1-0BC3-4D1C-A692-2FC6B60BC3DE}.Release|Any CPU.ActiveCfg = Release|Any CPU
		{22E460C1-0BC3-4D1C-A692-2FC6B60BC3DE}.Release|Any CPU.Build.0 = Release|Any CPU
		{1FE8DDEE-61C3-4F85-A7BD-12D0F9127C72}.Debug|Any CPU.ActiveCfg = Debug|Any CPU
		{1FE8DDEE-61C3-4F85-A7BD-12D0F9127C72}.Debug|Any CPU.Build.0 = Debug|Any CPU
		{1FE8DDEE-61C3-4F85-A7BD-12D0F9127C72}.Release|Any CPU.ActiveCfg = Release|Any CPU
		{1FE8DDEE-61C3-4F85-A7BD-12D0F9127C72}.Release|Any CPU.Build.0 = Release|Any CPU
	EndGlobalSection
	GlobalSection(SolutionProperties) = preSolution
		HideSolutionNode = FALSE
	EndGlobalSection
	GlobalSection(ExtensibilityGlobals) = postSolution
		SolutionGuid = {614A8693-8918-44C1-A437-65B322CE3D3F}
	EndGlobalSection
EndGlobal